// !$*UTF8*$!
{
	archiveVersion = 1;
	classes = {
	};
	objectVersion = 55;
	objects = {

/* Begin PBXBuildFile section */
		5BD93DFA27AB7F3D00F0C9B9 /* AppDelegate.swift in Sources */ = {isa = PBXBuildFile; fileRef = 5BD93DF927AB7F3D00F0C9B9 /* AppDelegate.swift */; };
		5BD93DFC27AB7F3D00F0C9B9 /* SceneDelegate.swift in Sources */ = {isa = PBXBuildFile; fileRef = 5BD93DFB27AB7F3D00F0C9B9 /* SceneDelegate.swift */; };
		5BD93DFE27AB7F3D00F0C9B9 /* SplashVC.swift in Sources */ = {isa = PBXBuildFile; fileRef = 5BD93DFD27AB7F3D00F0C9B9 /* SplashVC.swift */; };
		5BD93E0127AB7F3D00F0C9B9 /* Main.storyboard in Resources */ = {isa = PBXBuildFile; fileRef = 5BD93DFF27AB7F3D00F0C9B9 /* Main.storyboard */; };
		5BD93E0327AB7F3F00F0C9B9 /* Assets.xcassets in Resources */ = {isa = PBXBuildFile; fileRef = 5BD93E0227AB7F3F00F0C9B9 /* Assets.xcassets */; };
		5BD93E0627AB7F3F00F0C9B9 /* LaunchScreen.storyboard in Resources */ = {isa = PBXBuildFile; fileRef = 5BD93E0427AB7F3F00F0C9B9 /* LaunchScreen.storyboard */; };
		5BD93E1227AB816200F0C9B9 /* IntroVC.swift in Sources */ = {isa = PBXBuildFile; fileRef = 5BD93E1127AB816200F0C9B9 /* IntroVC.swift */; };
		5BD93E1527AB8C4D00F0C9B9 /* LoginVC.swift in Sources */ = {isa = PBXBuildFile; fileRef = 5BD93E1427AB8C4D00F0C9B9 /* LoginVC.swift */; };
		5BD93E1727AB9AC400F0C9B9 /* RegisterVC.swift in Sources */ = {isa = PBXBuildFile; fileRef = 5BD93E1627AB9AC400F0C9B9 /* RegisterVC.swift */; };
		5BD93E1A27ABCEAC00F0C9B9 /* LocationVC.swift in Sources */ = {isa = PBXBuildFile; fileRef = 5BD93E1927ABCEAC00F0C9B9 /* LocationVC.swift */; };
		5BD93E1C27ABFC6B00F0C9B9 /* UITextFieldPaddingExtension.swift in Sources */ = {isa = PBXBuildFile; fileRef = 5BD93E1B27ABFC6B00F0C9B9 /* UITextFieldPaddingExtension.swift */; };
		5BD93E1E27ACEE3700F0C9B9 /* UserModel.swift in Sources */ = {isa = PBXBuildFile; fileRef = 5BD93E1D27ACEE3700F0C9B9 /* UserModel.swift */; };
		5BD93E2427AE598300F0C9B9 /* SizeExtension.swift in Sources */ = {isa = PBXBuildFile; fileRef = 5BD93E2327AE598300F0C9B9 /* SizeExtension.swift */; };
		5BD93E2727AE74BA00F0C9B9 /* LocationSearchVC.swift in Sources */ = {isa = PBXBuildFile; fileRef = 5BD93E2627AE74BA00F0C9B9 /* LocationSearchVC.swift */; };
		5BD93E2927AFEC4000F0C9B9 /* LocationModel.swift in Sources */ = {isa = PBXBuildFile; fileRef = 5BD93E2827AFEC3F00F0C9B9 /* LocationModel.swift */; };
		5BD93E3327B0E25000F0C9B9 /* GoogleService-Info.plist in Resources */ = {isa = PBXBuildFile; fileRef = 5BD93E3227B0E25000F0C9B9 /* GoogleService-Info.plist */; };
		5BD93E3527B0F90200F0C9B9 /* EncoderDecoderExtension.swift in Sources */ = {isa = PBXBuildFile; fileRef = 5BD93E3427B0F90200F0C9B9 /* EncoderDecoderExtension.swift */; };
		5BD93E3727B101C500F0C9B9 /* Home.storyboard in Resources */ = {isa = PBXBuildFile; fileRef = 5BD93E3627B101C500F0C9B9 /* Home.storyboard */; };
		5BD93E3C27B206D000F0C9B9 /* MealsVC.swift in Sources */ = {isa = PBXBuildFile; fileRef = 5BD93E3B27B206D000F0C9B9 /* MealsVC.swift */; };
		5BD93E3E27B20EF800F0C9B9 /* AlertExtension.swift in Sources */ = {isa = PBXBuildFile; fileRef = 5BD93E3D27B20EF800F0C9B9 /* AlertExtension.swift */; };
		5BD93E4227B35D9600F0C9B9 /* HomeTabBarVC.swift in Sources */ = {isa = PBXBuildFile; fileRef = 5BD93E4127B35D9600F0C9B9 /* HomeTabBarVC.swift */; };
		5BD93E4827B361DA00F0C9B9 /* ChatVC.swift in Sources */ = {isa = PBXBuildFile; fileRef = 5BD93E4727B361DA00F0C9B9 /* ChatVC.swift */; };
		5BD93E4A27B361EB00F0C9B9 /* MapVC.swift in Sources */ = {isa = PBXBuildFile; fileRef = 5BD93E4927B361EB00F0C9B9 /* MapVC.swift */; };
		5BD93E4C27B3620A00F0C9B9 /* AccountVC.swift in Sources */ = {isa = PBXBuildFile; fileRef = 5BD93E4B27B3620A00F0C9B9 /* AccountVC.swift */; };
		5BD93E4F27B37D2000F0C9B9 /* MainNavVC.swift in Sources */ = {isa = PBXBuildFile; fileRef = 5BD93E4E27B37D2000F0C9B9 /* MainNavVC.swift */; };
		5BD93E5327B3B23700F0C9B9 /* Meals.storyboard in Resources */ = {isa = PBXBuildFile; fileRef = 5BD93E5227B3B23700F0C9B9 /* Meals.storyboard */; };
		5BD93E5527B3B2C100F0C9B9 /* Chat.storyboard in Resources */ = {isa = PBXBuildFile; fileRef = 5BD93E5427B3B2C100F0C9B9 /* Chat.storyboard */; };
		5BD93E5727B3B2F100F0C9B9 /* Map.storyboard in Resources */ = {isa = PBXBuildFile; fileRef = 5BD93E5627B3B2F100F0C9B9 /* Map.storyboard */; };
		5BD93E5927B3B30600F0C9B9 /* Account.storyboard in Resources */ = {isa = PBXBuildFile; fileRef = 5BD93E5827B3B30600F0C9B9 /* Account.storyboard */; };
		5BD93E5B27B4872800F0C9B9 /* MealsModel.swift in Sources */ = {isa = PBXBuildFile; fileRef = 5BD93E5A27B4872800F0C9B9 /* MealsModel.swift */; };
		5BD93E6027B4C4BA00F0C9B9 /* CategoryCell.swift in Sources */ = {isa = PBXBuildFile; fileRef = 5BD93E5E27B4C4BA00F0C9B9 /* CategoryCell.swift */; };
		5BD93E6127B4C4BA00F0C9B9 /* CategoryCell.xib in Resources */ = {isa = PBXBuildFile; fileRef = 5BD93E5F27B4C4BA00F0C9B9 /* CategoryCell.xib */; };
		5BD93E6727B4F01A00F0C9B9 /* MealsCell.swift in Sources */ = {isa = PBXBuildFile; fileRef = 5BD93E6527B4F01A00F0C9B9 /* MealsCell.swift */; };
		5BD93E6827B4F01A00F0C9B9 /* MealsCell.xib in Resources */ = {isa = PBXBuildFile; fileRef = 5BD93E6627B4F01A00F0C9B9 /* MealsCell.xib */; };
		5BD93E6A27B55FFE00F0C9B9 /* ImageLoaderExtension.swift in Sources */ = {isa = PBXBuildFile; fileRef = 5BD93E6927B55FFE00F0C9B9 /* ImageLoaderExtension.swift */; };
		C45BA2B4CE43D5C812B77C48 /* Pods_FoodApp.framework in Frameworks */ = {isa = PBXBuildFile; fileRef = EDA63C89756955210AE017E9 /* Pods_FoodApp.framework */; };
/* End PBXBuildFile section */

/* Begin PBXFileReference section */
		5BD93DF627AB7F3D00F0C9B9 /* FoodApp.app */ = {isa = PBXFileReference; explicitFileType = wrapper.application; includeInIndex = 0; path = FoodApp.app; sourceTree = BUILT_PRODUCTS_DIR; };
		5BD93DF927AB7F3D00F0C9B9 /* AppDelegate.swift */ = {isa = PBXFileReference; lastKnownFileType = sourcecode.swift; path = AppDelegate.swift; sourceTree = "<group>"; };
		5BD93DFB27AB7F3D00F0C9B9 /* SceneDelegate.swift */ = {isa = PBXFileReference; lastKnownFileType = sourcecode.swift; path = SceneDelegate.swift; sourceTree = "<group>"; };
		5BD93DFD27AB7F3D00F0C9B9 /* SplashVC.swift */ = {isa = PBXFileReference; lastKnownFileType = sourcecode.swift; path = SplashVC.swift; sourceTree = "<group>"; };
		5BD93E0027AB7F3D00F0C9B9 /* Base */ = {isa = PBXFileReference; lastKnownFileType = file.storyboard; name = Base; path = Base.lproj/Main.storyboard; sourceTree = "<group>"; };
		5BD93E0227AB7F3F00F0C9B9 /* Assets.xcassets */ = {isa = PBXFileReference; lastKnownFileType = folder.assetcatalog; path = Assets.xcassets; sourceTree = "<group>"; };
		5BD93E0527AB7F3F00F0C9B9 /* Base */ = {isa = PBXFileReference; lastKnownFileType = file.storyboard; name = Base; path = Base.lproj/LaunchScreen.storyboard; sourceTree = "<group>"; };
		5BD93E0727AB7F3F00F0C9B9 /* Info.plist */ = {isa = PBXFileReference; lastKnownFileType = text.plist.xml; path = Info.plist; sourceTree = "<group>"; };
		5BD93E1127AB816200F0C9B9 /* IntroVC.swift */ = {isa = PBXFileReference; lastKnownFileType = sourcecode.swift; path = IntroVC.swift; sourceTree = "<group>"; };
		5BD93E1427AB8C4D00F0C9B9 /* LoginVC.swift */ = {isa = PBXFileReference; lastKnownFileType = sourcecode.swift; path = LoginVC.swift; sourceTree = "<group>"; };
		5BD93E1627AB9AC400F0C9B9 /* RegisterVC.swift */ = {isa = PBXFileReference; lastKnownFileType = sourcecode.swift; path = RegisterVC.swift; sourceTree = "<group>"; };
		5BD93E1927ABCEAC00F0C9B9 /* LocationVC.swift */ = {isa = PBXFileReference; lastKnownFileType = sourcecode.swift; path = LocationVC.swift; sourceTree = "<group>"; };
		5BD93E1B27ABFC6B00F0C9B9 /* UITextFieldPaddingExtension.swift */ = {isa = PBXFileReference; lastKnownFileType = sourcecode.swift; path = UITextFieldPaddingExtension.swift; sourceTree = "<group>"; };
		5BD93E1D27ACEE3700F0C9B9 /* UserModel.swift */ = {isa = PBXFileReference; lastKnownFileType = sourcecode.swift; path = UserModel.swift; sourceTree = "<group>"; };
		5BD93E2327AE598300F0C9B9 /* SizeExtension.swift */ = {isa = PBXFileReference; lastKnownFileType = sourcecode.swift; path = SizeExtension.swift; sourceTree = "<group>"; };
		5BD93E2627AE74BA00F0C9B9 /* LocationSearchVC.swift */ = {isa = PBXFileReference; lastKnownFileType = sourcecode.swift; path = LocationSearchVC.swift; sourceTree = "<group>"; };
		5BD93E2827AFEC3F00F0C9B9 /* LocationModel.swift */ = {isa = PBXFileReference; lastKnownFileType = sourcecode.swift; path = LocationModel.swift; sourceTree = "<group>"; };
		5BD93E3227B0E25000F0C9B9 /* GoogleService-Info.plist */ = {isa = PBXFileReference; fileEncoding = 4; lastKnownFileType = text.plist.xml; path = "GoogleService-Info.plist"; sourceTree = "<group>"; };
		5BD93E3427B0F90200F0C9B9 /* EncoderDecoderExtension.swift */ = {isa = PBXFileReference; lastKnownFileType = sourcecode.swift; path = EncoderDecoderExtension.swift; sourceTree = "<group>"; };
		5BD93E3627B101C500F0C9B9 /* Home.storyboard */ = {isa = PBXFileReference; lastKnownFileType = file.storyboard; path = Home.storyboard; sourceTree = "<group>"; };
		5BD93E3B27B206D000F0C9B9 /* MealsVC.swift */ = {isa = PBXFileReference; lastKnownFileType = sourcecode.swift; path = MealsVC.swift; sourceTree = "<group>"; };
		5BD93E3D27B20EF800F0C9B9 /* AlertExtension.swift */ = {isa = PBXFileReference; lastKnownFileType = sourcecode.swift; path = AlertExtension.swift; sourceTree = "<group>"; };
		5BD93E4127B35D9600F0C9B9 /* HomeTabBarVC.swift */ = {isa = PBXFileReference; lastKnownFileType = sourcecode.swift; path = HomeTabBarVC.swift; sourceTree = "<group>"; };
		5BD93E4727B361DA00F0C9B9 /* ChatVC.swift */ = {isa = PBXFileReference; lastKnownFileType = sourcecode.swift; path = ChatVC.swift; sourceTree = "<group>"; };
		5BD93E4927B361EB00F0C9B9 /* MapVC.swift */ = {isa = PBXFileReference; lastKnownFileType = sourcecode.swift; path = MapVC.swift; sourceTree = "<group>"; };
		5BD93E4B27B3620A00F0C9B9 /* AccountVC.swift */ = {isa = PBXFileReference; lastKnownFileType = sourcecode.swift; path = AccountVC.swift; sourceTree = "<group>"; };
		5BD93E4E27B37D2000F0C9B9 /* MainNavVC.swift */ = {isa = PBXFileReference; lastKnownFileType = sourcecode.swift; path = MainNavVC.swift; sourceTree = "<group>"; };
		5BD93E5227B3B23700F0C9B9 /* Meals.storyboard */ = {isa = PBXFileReference; fileEncoding = 4; lastKnownFileType = file.storyboard; path = Meals.storyboard; sourceTree = "<group>"; };
		5BD93E5427B3B2C100F0C9B9 /* Chat.storyboard */ = {isa = PBXFileReference; fileEncoding = 4; lastKnownFileType = file.storyboard; path = Chat.storyboard; sourceTree = "<group>"; };
		5BD93E5627B3B2F100F0C9B9 /* Map.storyboard */ = {isa = PBXFileReference; fileEncoding = 4; lastKnownFileType = file.storyboard; path = Map.storyboard; sourceTree = "<group>"; };
		5BD93E5827B3B30600F0C9B9 /* Account.storyboard */ = {isa = PBXFileReference; fileEncoding = 4; lastKnownFileType = file.storyboard; path = Account.storyboard; sourceTree = "<group>"; };
		5BD93E5A27B4872800F0C9B9 /* MealsModel.swift */ = {isa = PBXFileReference; lastKnownFileType = sourcecode.swift; path = MealsModel.swift; sourceTree = "<group>"; };
		5BD93E5E27B4C4BA00F0C9B9 /* CategoryCell.swift */ = {isa = PBXFileReference; lastKnownFileType = sourcecode.swift; path = CategoryCell.swift; sourceTree = "<group>"; };
		5BD93E5F27B4C4BA00F0C9B9 /* CategoryCell.xib */ = {isa = PBXFileReference; lastKnownFileType = file.xib; path = CategoryCell.xib; sourceTree = "<group>"; };
		5BD93E6527B4F01A00F0C9B9 /* MealsCell.swift */ = {isa = PBXFileReference; lastKnownFileType = sourcecode.swift; path = MealsCell.swift; sourceTree = "<group>"; };
		5BD93E6627B4F01A00F0C9B9 /* MealsCell.xib */ = {isa = PBXFileReference; lastKnownFileType = file.xib; path = MealsCell.xib; sourceTree = "<group>"; };
		5BD93E6927B55FFE00F0C9B9 /* ImageLoaderExtension.swift */ = {isa = PBXFileReference; lastKnownFileType = sourcecode.swift; path = ImageLoaderExtension.swift; sourceTree = "<group>"; };
		820E126AFFDF64B3801479B1 /* Pods-FoodApp.release.xcconfig */ = {isa = PBXFileReference; includeInIndex = 1; lastKnownFileType = text.xcconfig; name = "Pods-FoodApp.release.xcconfig"; path = "Target Support Files/Pods-FoodApp/Pods-FoodApp.release.xcconfig"; sourceTree = "<group>"; };
		EDA63C89756955210AE017E9 /* Pods_FoodApp.framework */ = {isa = PBXFileReference; explicitFileType = wrapper.framework; includeInIndex = 0; path = Pods_FoodApp.framework; sourceTree = BUILT_PRODUCTS_DIR; };
		F6FC71A318EEB9C9AAAB0A7C /* Pods-FoodApp.debug.xcconfig */ = {isa = PBXFileReference; includeInIndex = 1; lastKnownFileType = text.xcconfig; name = "Pods-FoodApp.debug.xcconfig"; path = "Target Support Files/Pods-FoodApp/Pods-FoodApp.debug.xcconfig"; sourceTree = "<group>"; };
/* End PBXFileReference section */

/* Begin PBXFrameworksBuildPhase section */
		5BD93DF327AB7F3D00F0C9B9 /* Frameworks */ = {
			isa = PBXFrameworksBuildPhase;
			buildActionMask = 2147483647;
			files = (
				C45BA2B4CE43D5C812B77C48 /* Pods_FoodApp.framework in Frameworks */,
			);
			runOnlyForDeploymentPostprocessing = 0;
		};
/* End PBXFrameworksBuildPhase section */

/* Begin PBXGroup section */
		1C9146EC916D5801AE3DC249 /* Frameworks */ = {
			isa = PBXGroup;
			children = (
				EDA63C89756955210AE017E9 /* Pods_FoodApp.framework */,
			);
			name = Frameworks;
			sourceTree = "<group>";
		};
		5BD93DED27AB7F3D00F0C9B9 = {
			isa = PBXGroup;
			children = (
				5BD93DF827AB7F3D00F0C9B9 /* FoodApp */,
				5BD93DF727AB7F3D00F0C9B9 /* Products */,
				80A66F50BC7E9A61BE7AB693 /* Pods */,
				1C9146EC916D5801AE3DC249 /* Frameworks */,
			);
			sourceTree = "<group>";
		};
		5BD93DF727AB7F3D00F0C9B9 /* Products */ = {
			isa = PBXGroup;
			children = (
				5BD93DF627AB7F3D00F0C9B9 /* FoodApp.app */,
			);
			name = Products;
			sourceTree = "<group>";
		};
		5BD93DF827AB7F3D00F0C9B9 /* FoodApp */ = {
			isa = PBXGroup;
			children = (
				5BD93E1027AB7FFB00F0C9B9 /* Resources */,
				5BD93E0F27AB7FE000F0C9B9 /* Models */,
				5BD93E0E27AB7FD800F0C9B9 /* Controllers */,
				5BD93E0D27AB7FD000F0C9B9 /* Views */,
				5BD93E0727AB7F3F00F0C9B9 /* Info.plist */,
				5BD93E3227B0E25000F0C9B9 /* GoogleService-Info.plist */,
			);
			path = FoodApp;
			sourceTree = "<group>";
		};
		5BD93E0D27AB7FD000F0C9B9 /* Views */ = {
			isa = PBXGroup;
			children = (
				5BD93E6427B4EFEF00F0C9B9 /* CustomCells */,
				5BD93E6327B4EFDA00F0C9B9 /* Home */,
				5BD93E6227B4EFBE00F0C9B9 /* Login */,
			);
			path = Views;
			sourceTree = "<group>";
		};
		5BD93E0E27AB7FD800F0C9B9 /* Controllers */ = {
			isa = PBXGroup;
			children = (
				5BD93E3A27B2064100F0C9B9 /* Home */,
				5BD93E1327AB81C900F0C9B9 /* LoginAndRegistration */,
				5BD93DF927AB7F3D00F0C9B9 /* AppDelegate.swift */,
				5BD93DFB27AB7F3D00F0C9B9 /* SceneDelegate.swift */,
			);
			path = Controllers;
			sourceTree = "<group>";
		};
		5BD93E0F27AB7FE000F0C9B9 /* Models */ = {
			isa = PBXGroup;
			children = (
				5BD93E1D27ACEE3700F0C9B9 /* UserModel.swift */,
				5BD93E2827AFEC3F00F0C9B9 /* LocationModel.swift */,
				5BD93E5A27B4872800F0C9B9 /* MealsModel.swift */,
			);
			path = Models;
			sourceTree = "<group>";
		};
		5BD93E1027AB7FFB00F0C9B9 /* Resources */ = {
			isa = PBXGroup;
			children = (
				5BD93E2527AE59AE00F0C9B9 /* Utilities */,
				5BD93E0227AB7F3F00F0C9B9 /* Assets.xcassets */,
			);
			path = Resources;
			sourceTree = "<group>";
		};
		5BD93E1327AB81C900F0C9B9 /* LoginAndRegistration */ = {
			isa = PBXGroup;
			children = (
				5BD93E4D27B37CE500F0C9B9 /* Splash */,
				5BD93E2027AE3BFB00F0C9B9 /* Registration */,
				5BD93E1F27AE3BF400F0C9B9 /* Login */,
			);
			path = LoginAndRegistration;
			sourceTree = "<group>";
		};
		5BD93E1F27AE3BF400F0C9B9 /* Login */ = {
			isa = PBXGroup;
			children = (
				5BD93E1127AB816200F0C9B9 /* IntroVC.swift */,
				5BD93E1427AB8C4D00F0C9B9 /* LoginVC.swift */,
			);
			path = Login;
			sourceTree = "<group>";
		};
		5BD93E2027AE3BFB00F0C9B9 /* Registration */ = {
			isa = PBXGroup;
			children = (
				5BD93E1627AB9AC400F0C9B9 /* RegisterVC.swift */,
				5BD93E1927ABCEAC00F0C9B9 /* LocationVC.swift */,
				5BD93E2627AE74BA00F0C9B9 /* LocationSearchVC.swift */,
			);
			path = Registration;
			sourceTree = "<group>";
		};
		5BD93E2527AE59AE00F0C9B9 /* Utilities */ = {
			isa = PBXGroup;
			children = (
				5BD93E1B27ABFC6B00F0C9B9 /* UITextFieldPaddingExtension.swift */,
				5BD93E2327AE598300F0C9B9 /* SizeExtension.swift */,
				5BD93E3427B0F90200F0C9B9 /* EncoderDecoderExtension.swift */,
				5BD93E3D27B20EF800F0C9B9 /* AlertExtension.swift */,
				5BD93E6927B55FFE00F0C9B9 /* ImageLoaderExtension.swift */,
			);
			path = Utilities;
			sourceTree = "<group>";
		};
		5BD93E3A27B2064100F0C9B9 /* Home */ = {
			isa = PBXGroup;
			children = (
				5BD93E4327B3617200F0C9B9 /* Meals */,
				5BD93E4427B361B600F0C9B9 /* Chat */,
				5BD93E4527B361BE00F0C9B9 /* Map */,
				5BD93E4627B361C500F0C9B9 /* Account */,
				5BD93E4127B35D9600F0C9B9 /* HomeTabBarVC.swift */,
			);
			path = Home;
			sourceTree = "<group>";
		};
		5BD93E4327B3617200F0C9B9 /* Meals */ = {
			isa = PBXGroup;
			children = (
				5BD93E3B27B206D000F0C9B9 /* MealsVC.swift */,
			);
			path = Meals;
			sourceTree = "<group>";
		};
		5BD93E4427B361B600F0C9B9 /* Chat */ = {
			isa = PBXGroup;
			children = (
				5BD93E4727B361DA00F0C9B9 /* ChatVC.swift */,
			);
			path = Chat;
			sourceTree = "<group>";
		};
		5BD93E4527B361BE00F0C9B9 /* Map */ = {
			isa = PBXGroup;
			children = (
				5BD93E4927B361EB00F0C9B9 /* MapVC.swift */,
			);
			path = Map;
			sourceTree = "<group>";
		};
		5BD93E4627B361C500F0C9B9 /* Account */ = {
			isa = PBXGroup;
			children = (
				5BD93E4B27B3620A00F0C9B9 /* AccountVC.swift */,
			);
			path = Account;
			sourceTree = "<group>";
		};
		5BD93E4D27B37CE500F0C9B9 /* Splash */ = {
			isa = PBXGroup;
			children = (
				5BD93DFD27AB7F3D00F0C9B9 /* SplashVC.swift */,
				5BD93E4E27B37D2000F0C9B9 /* MainNavVC.swift */,
			);
			path = Splash;
			sourceTree = "<group>";
		};
		5BD93E6227B4EFBE00F0C9B9 /* Login */ = {
			isa = PBXGroup;
			children = (
				5BD93DFF27AB7F3D00F0C9B9 /* Main.storyboard */,
				5BD93E0427AB7F3F00F0C9B9 /* LaunchScreen.storyboard */,
			);
			path = Login;
			sourceTree = "<group>";
		};
		5BD93E6327B4EFDA00F0C9B9 /* Home */ = {
			isa = PBXGroup;
			children = (
				5BD93E3627B101C500F0C9B9 /* Home.storyboard */,
				5BD93E5227B3B23700F0C9B9 /* Meals.storyboard */,
				5BD93E5427B3B2C100F0C9B9 /* Chat.storyboard */,
				5BD93E5627B3B2F100F0C9B9 /* Map.storyboard */,
				5BD93E5827B3B30600F0C9B9 /* Account.storyboard */,
			);
			path = Home;
			sourceTree = "<group>";
		};
		5BD93E6427B4EFEF00F0C9B9 /* CustomCells */ = {
			isa = PBXGroup;
			children = (
				5BD93E5E27B4C4BA00F0C9B9 /* CategoryCell.swift */,
				5BD93E5F27B4C4BA00F0C9B9 /* CategoryCell.xib */,
				5BD93E6527B4F01A00F0C9B9 /* MealsCell.swift */,
				5BD93E6627B4F01A00F0C9B9 /* MealsCell.xib */,
			);
			path = CustomCells;
			sourceTree = "<group>";
		};
		80A66F50BC7E9A61BE7AB693 /* Pods */ = {
			isa = PBXGroup;
			children = (
				F6FC71A318EEB9C9AAAB0A7C /* Pods-FoodApp.debug.xcconfig */,
				820E126AFFDF64B3801479B1 /* Pods-FoodApp.release.xcconfig */,
			);
			path = Pods;
			sourceTree = "<group>";
		};
/* End PBXGroup section */

/* Begin PBXNativeTarget section */
		5BD93DF527AB7F3D00F0C9B9 /* FoodApp */ = {
			isa = PBXNativeTarget;
			buildConfigurationList = 5BD93E0A27AB7F3F00F0C9B9 /* Build configuration list for PBXNativeTarget "FoodApp" */;
			buildPhases = (
				DCF4538CA5B6CF017DBC02EB /* [CP] Check Pods Manifest.lock */,
				5BD93DF227AB7F3D00F0C9B9 /* Sources */,
				5BD93DF327AB7F3D00F0C9B9 /* Frameworks */,
				5BD93DF427AB7F3D00F0C9B9 /* Resources */,
				55C01F35E03275AF28ACC075 /* [CP] Embed Pods Frameworks */,
			);
			buildRules = (
			);
			dependencies = (
			);
			name = FoodApp;
			productName = FoodApp;
			productReference = 5BD93DF627AB7F3D00F0C9B9 /* FoodApp.app */;
			productType = "com.apple.product-type.application";
		};
/* End PBXNativeTarget section */

/* Begin PBXProject section */
		5BD93DEE27AB7F3D00F0C9B9 /* Project object */ = {
			isa = PBXProject;
			attributes = {
				BuildIndependentTargetsInParallel = 1;
				LastSwiftUpdateCheck = 1320;
				LastUpgradeCheck = 1320;
				TargetAttributes = {
					5BD93DF527AB7F3D00F0C9B9 = {
						CreatedOnToolsVersion = 13.2.1;
					};
				};
			};
			buildConfigurationList = 5BD93DF127AB7F3D00F0C9B9 /* Build configuration list for PBXProject "FoodApp" */;
			compatibilityVersion = "Xcode 13.0";
			developmentRegion = en;
			hasScannedForEncodings = 0;
			knownRegions = (
				en,
				Base,
			);
			mainGroup = 5BD93DED27AB7F3D00F0C9B9;
			productRefGroup = 5BD93DF727AB7F3D00F0C9B9 /* Products */;
			projectDirPath = "";
			projectRoot = "";
			targets = (
				5BD93DF527AB7F3D00F0C9B9 /* FoodApp */,
			);
		};
/* End PBXProject section */

/* Begin PBXResourcesBuildPhase section */
		5BD93DF427AB7F3D00F0C9B9 /* Resources */ = {
			isa = PBXResourcesBuildPhase;
			buildActionMask = 2147483647;
			files = (
				5BD93E5527B3B2C100F0C9B9 /* Chat.storyboard in Resources */,
				5BD93E0627AB7F3F00F0C9B9 /* LaunchScreen.storyboard in Resources */,
				5BD93E3727B101C500F0C9B9 /* Home.storyboard in Resources */,
				5BD93E6827B4F01A00F0C9B9 /* MealsCell.xib in Resources */,
				5BD93E5727B3B2F100F0C9B9 /* Map.storyboard in Resources */,
				5BD93E3327B0E25000F0C9B9 /* GoogleService-Info.plist in Resources */,
				5BD93E6127B4C4BA00F0C9B9 /* CategoryCell.xib in Resources */,
				5BD93E0327AB7F3F00F0C9B9 /* Assets.xcassets in Resources */,
				5BD93E0127AB7F3D00F0C9B9 /* Main.storyboard in Resources */,
				5BD93E5927B3B30600F0C9B9 /* Account.storyboard in Resources */,
				5BD93E5327B3B23700F0C9B9 /* Meals.storyboard in Resources */,
			);
			runOnlyForDeploymentPostprocessing = 0;
		};
/* End PBXResourcesBuildPhase section */

/* Begin PBXShellScriptBuildPhase section */
		55C01F35E03275AF28ACC075 /* [CP] Embed Pods Frameworks */ = {
			isa = PBXShellScriptBuildPhase;
			buildActionMask = 2147483647;
			files = (
			);
			inputFileListPaths = (
				"${PODS_ROOT}/Target Support Files/Pods-FoodApp/Pods-FoodApp-frameworks-${CONFIGURATION}-input-files.xcfilelist",
			);
			name = "[CP] Embed Pods Frameworks";
			outputFileListPaths = (
				"${PODS_ROOT}/Target Support Files/Pods-FoodApp/Pods-FoodApp-frameworks-${CONFIGURATION}-output-files.xcfilelist",
			);
			runOnlyForDeploymentPostprocessing = 0;
			shellPath = /bin/sh;
			shellScript = "\"${PODS_ROOT}/Target Support Files/Pods-FoodApp/Pods-FoodApp-frameworks.sh\"\n";
			showEnvVarsInLog = 0;
		};
		DCF4538CA5B6CF017DBC02EB /* [CP] Check Pods Manifest.lock */ = {
			isa = PBXShellScriptBuildPhase;
			buildActionMask = 2147483647;
			files = (
			);
			inputFileListPaths = (
			);
			inputPaths = (
				"${PODS_PODFILE_DIR_PATH}/Podfile.lock",
				"${PODS_ROOT}/Manifest.lock",
			);
			name = "[CP] Check Pods Manifest.lock";
			outputFileListPaths = (
			);
			outputPaths = (
				"$(DERIVED_FILE_DIR)/Pods-FoodApp-checkManifestLockResult.txt",
			);
			runOnlyForDeploymentPostprocessing = 0;
			shellPath = /bin/sh;
			shellScript = "diff \"${PODS_PODFILE_DIR_PATH}/Podfile.lock\" \"${PODS_ROOT}/Manifest.lock\" > /dev/null\nif [ $? != 0 ] ; then\n    # print error to STDERR\n    echo \"error: The sandbox is not in sync with the Podfile.lock. Run 'pod install' or update your CocoaPods installation.\" >&2\n    exit 1\nfi\n# This output is used by Xcode 'outputs' to avoid re-running this script phase.\necho \"SUCCESS\" > \"${SCRIPT_OUTPUT_FILE_0}\"\n";
			showEnvVarsInLog = 0;
		};
/* End PBXShellScriptBuildPhase section */

/* Begin PBXSourcesBuildPhase section */
		5BD93DF227AB7F3D00F0C9B9 /* Sources */ = {
			isa = PBXSourcesBuildPhase;
			buildActionMask = 2147483647;
			files = (
				5BD93E2427AE598300F0C9B9 /* SizeExtension.swift in Sources */,
				5BD93E1A27ABCEAC00F0C9B9 /* LocationVC.swift in Sources */,
				5BD93DFE27AB7F3D00F0C9B9 /* SplashVC.swift in Sources */,
				5BD93E1227AB816200F0C9B9 /* IntroVC.swift in Sources */,
				5BD93E2927AFEC4000F0C9B9 /* LocationModel.swift in Sources */,
				5BD93E3C27B206D000F0C9B9 /* MealsVC.swift in Sources */,
				5BD93DFA27AB7F3D00F0C9B9 /* AppDelegate.swift in Sources */,
				5BD93E4A27B361EB00F0C9B9 /* MapVC.swift in Sources */,
				5BD93E4827B361DA00F0C9B9 /* ChatVC.swift in Sources */,
				5BD93E1727AB9AC400F0C9B9 /* RegisterVC.swift in Sources */,
				5BD93E1C27ABFC6B00F0C9B9 /* UITextFieldPaddingExtension.swift in Sources */,
				5BD93E3527B0F90200F0C9B9 /* EncoderDecoderExtension.swift in Sources */,
				5BD93E3E27B20EF800F0C9B9 /* AlertExtension.swift in Sources */,
				5BD93E4C27B3620A00F0C9B9 /* AccountVC.swift in Sources */,
				5BD93E4227B35D9600F0C9B9 /* HomeTabBarVC.swift in Sources */,
				5BD93DFC27AB7F3D00F0C9B9 /* SceneDelegate.swift in Sources */,
				5BD93E5B27B4872800F0C9B9 /* MealsModel.swift in Sources */,
				5BD93E1E27ACEE3700F0C9B9 /* UserModel.swift in Sources */,
				5BD93E4F27B37D2000F0C9B9 /* MainNavVC.swift in Sources */,
				5BD93E6727B4F01A00F0C9B9 /* MealsCell.swift in Sources */,
				5BD93E6A27B55FFE00F0C9B9 /* ImageLoaderExtension.swift in Sources */,
				5BD93E2727AE74BA00F0C9B9 /* LocationSearchVC.swift in Sources */,
				5BD93E1527AB8C4D00F0C9B9 /* LoginVC.swift in Sources */,
				5BD93E6027B4C4BA00F0C9B9 /* CategoryCell.swift in Sources */,
			);
			runOnlyForDeploymentPostprocessing = 0;
		};
/* End PBXSourcesBuildPhase section */

/* Begin PBXVariantGroup section */
		5BD93DFF27AB7F3D00F0C9B9 /* Main.storyboard */ = {
			isa = PBXVariantGroup;
			children = (
				5BD93E0027AB7F3D00F0C9B9 /* Base */,
			);
			name = Main.storyboard;
			sourceTree = "<group>";
		};
		5BD93E0427AB7F3F00F0C9B9 /* LaunchScreen.storyboard */ = {
			isa = PBXVariantGroup;
			children = (
				5BD93E0527AB7F3F00F0C9B9 /* Base */,
			);
			name = LaunchScreen.storyboard;
			sourceTree = "<group>";
		};
/* End PBXVariantGroup section */

/* Begin XCBuildConfiguration section */
		5BD93E0827AB7F3F00F0C9B9 /* Debug */ = {
			isa = XCBuildConfiguration;
			buildSettings = {
				ALWAYS_SEARCH_USER_PATHS = NO;
				CLANG_ANALYZER_NONNULL = YES;
				CLANG_ANALYZER_NUMBER_OBJECT_CONVERSION = YES_AGGRESSIVE;
				CLANG_CXX_LANGUAGE_STANDARD = "gnu++17";
				CLANG_CXX_LIBRARY = "libc++";
				CLANG_ENABLE_MODULES = YES;
				CLANG_ENABLE_OBJC_ARC = YES;
				CLANG_ENABLE_OBJC_WEAK = YES;
				CLANG_WARN_BLOCK_CAPTURE_AUTORELEASING = YES;
				CLANG_WARN_BOOL_CONVERSION = YES;
				CLANG_WARN_COMMA = YES;
				CLANG_WARN_CONSTANT_CONVERSION = YES;
				CLANG_WARN_DEPRECATED_OBJC_IMPLEMENTATIONS = YES;
				CLANG_WARN_DIRECT_OBJC_ISA_USAGE = YES_ERROR;
				CLANG_WARN_DOCUMENTATION_COMMENTS = YES;
				CLANG_WARN_EMPTY_BODY = YES;
				CLANG_WARN_ENUM_CONVERSION = YES;
				CLANG_WARN_INFINITE_RECURSION = YES;
				CLANG_WARN_INT_CONVERSION = YES;
				CLANG_WARN_NON_LITERAL_NULL_CONVERSION = YES;
				CLANG_WARN_OBJC_IMPLICIT_RETAIN_SELF = YES;
				CLANG_WARN_OBJC_LITERAL_CONVERSION = YES;
				CLANG_WARN_OBJC_ROOT_CLASS = YES_ERROR;
				CLANG_WARN_QUOTED_INCLUDE_IN_FRAMEWORK_HEADER = YES;
				CLANG_WARN_RANGE_LOOP_ANALYSIS = YES;
				CLANG_WARN_STRICT_PROTOTYPES = YES;
				CLANG_WARN_SUSPICIOUS_MOVE = YES;
				CLANG_WARN_UNGUARDED_AVAILABILITY = YES_AGGRESSIVE;
				CLANG_WARN_UNREACHABLE_CODE = YES;
				CLANG_WARN__DUPLICATE_METHOD_MATCH = YES;
				COPY_PHASE_STRIP = NO;
				DEBUG_INFORMATION_FORMAT = dwarf;
				ENABLE_STRICT_OBJC_MSGSEND = YES;
				ENABLE_TESTABILITY = YES;
				GCC_C_LANGUAGE_STANDARD = gnu11;
				GCC_DYNAMIC_NO_PIC = NO;
				GCC_NO_COMMON_BLOCKS = YES;
				GCC_OPTIMIZATION_LEVEL = 0;
				GCC_PREPROCESSOR_DEFINITIONS = (
					"DEBUG=1",
					"$(inherited)",
				);
				GCC_WARN_64_TO_32_BIT_CONVERSION = YES;
				GCC_WARN_ABOUT_RETURN_TYPE = YES_ERROR;
				GCC_WARN_UNDECLARED_SELECTOR = YES;
				GCC_WARN_UNINITIALIZED_AUTOS = YES_AGGRESSIVE;
				GCC_WARN_UNUSED_FUNCTION = YES;
				GCC_WARN_UNUSED_VARIABLE = YES;
				IPHONEOS_DEPLOYMENT_TARGET = 15.2;
				MTL_ENABLE_DEBUG_INFO = INCLUDE_SOURCE;
				MTL_FAST_MATH = YES;
				ONLY_ACTIVE_ARCH = YES;
				SDKROOT = iphoneos;
				SWIFT_ACTIVE_COMPILATION_CONDITIONS = DEBUG;
				SWIFT_OPTIMIZATION_LEVEL = "-Onone";
			};
			name = Debug;
		};
		5BD93E0927AB7F3F00F0C9B9 /* Release */ = {
			isa = XCBuildConfiguration;
			buildSettings = {
				ALWAYS_SEARCH_USER_PATHS = NO;
				CLANG_ANALYZER_NONNULL = YES;
				CLANG_ANALYZER_NUMBER_OBJECT_CONVERSION = YES_AGGRESSIVE;
				CLANG_CXX_LANGUAGE_STANDARD = "gnu++17";
				CLANG_CXX_LIBRARY = "libc++";
				CLANG_ENABLE_MODULES = YES;
				CLANG_ENABLE_OBJC_ARC = YES;
				CLANG_ENABLE_OBJC_WEAK = YES;
				CLANG_WARN_BLOCK_CAPTURE_AUTORELEASING = YES;
				CLANG_WARN_BOOL_CONVERSION = YES;
				CLANG_WARN_COMMA = YES;
				CLANG_WARN_CONSTANT_CONVERSION = YES;
				CLANG_WARN_DEPRECATED_OBJC_IMPLEMENTATIONS = YES;
				CLANG_WARN_DIRECT_OBJC_ISA_USAGE = YES_ERROR;
				CLANG_WARN_DOCUMENTATION_COMMENTS = YES;
				CLANG_WARN_EMPTY_BODY = YES;
				CLANG_WARN_ENUM_CONVERSION = YES;
				CLANG_WARN_INFINITE_RECURSION = YES;
				CLANG_WARN_INT_CONVERSION = YES;
				CLANG_WARN_NON_LITERAL_NULL_CONVERSION = YES;
				CLANG_WARN_OBJC_IMPLICIT_RETAIN_SELF = YES;
				CLANG_WARN_OBJC_LITERAL_CONVERSION = YES;
				CLANG_WARN_OBJC_ROOT_CLASS = YES_ERROR;
				CLANG_WARN_QUOTED_INCLUDE_IN_FRAMEWORK_HEADER = YES;
				CLANG_WARN_RANGE_LOOP_ANALYSIS = YES;
				CLANG_WARN_STRICT_PROTOTYPES = YES;
				CLANG_WARN_SUSPICIOUS_MOVE = YES;
				CLANG_WARN_UNGUARDED_AVAILABILITY = YES_AGGRESSIVE;
				CLANG_WARN_UNREACHABLE_CODE = YES;
				CLANG_WARN__DUPLICATE_METHOD_MATCH = YES;
				COPY_PHASE_STRIP = NO;
				DEBUG_INFORMATION_FORMAT = "dwarf-with-dsym";
				ENABLE_NS_ASSERTIONS = NO;
				ENABLE_STRICT_OBJC_MSGSEND = YES;
				GCC_C_LANGUAGE_STANDARD = gnu11;
				GCC_NO_COMMON_BLOCKS = YES;
				GCC_WARN_64_TO_32_BIT_CONVERSION = YES;
				GCC_WARN_ABOUT_RETURN_TYPE = YES_ERROR;
				GCC_WARN_UNDECLARED_SELECTOR = YES;
				GCC_WARN_UNINITIALIZED_AUTOS = YES_AGGRESSIVE;
				GCC_WARN_UNUSED_FUNCTION = YES;
				GCC_WARN_UNUSED_VARIABLE = YES;
				IPHONEOS_DEPLOYMENT_TARGET = 15.2;
				MTL_ENABLE_DEBUG_INFO = NO;
				MTL_FAST_MATH = YES;
				SDKROOT = iphoneos;
				SWIFT_COMPILATION_MODE = wholemodule;
				SWIFT_OPTIMIZATION_LEVEL = "-O";
				VALIDATE_PRODUCT = YES;
			};
			name = Release;
		};
		5BD93E0B27AB7F3F00F0C9B9 /* Debug */ = {
			isa = XCBuildConfiguration;
			baseConfigurationReference = F6FC71A318EEB9C9AAAB0A7C /* Pods-FoodApp.debug.xcconfig */;
			buildSettings = {
				ASSETCATALOG_COMPILER_APPICON_NAME = AppIcon;
				ASSETCATALOG_COMPILER_GLOBAL_ACCENT_COLOR_NAME = AccentColor;
				CODE_SIGN_STYLE = Automatic;
				CURRENT_PROJECT_VERSION = 1;
				DEVELOPMENT_TEAM = F97DP49JMK;
				GENERATE_INFOPLIST_FILE = YES;
				INFOPLIST_FILE = FoodApp/Info.plist;
				INFOPLIST_KEY_UIApplicationSupportsIndirectInputEvents = YES;
				INFOPLIST_KEY_UILaunchStoryboardName = LaunchScreen;
				INFOPLIST_KEY_UIMainStoryboardFile = Main;
				INFOPLIST_KEY_UISupportedInterfaceOrientations_iPad = "UIInterfaceOrientationPortrait UIInterfaceOrientationPortraitUpsideDown UIInterfaceOrientationLandscapeLeft UIInterfaceOrientationLandscapeRight";
				INFOPLIST_KEY_UISupportedInterfaceOrientations_iPhone = "UIInterfaceOrientationPortrait UIInterfaceOrientationLandscapeLeft UIInterfaceOrientationLandscapeRight";
				LD_RUNPATH_SEARCH_PATHS = (
					"$(inherited)",
					"@executable_path/Frameworks",
				);
				MARKETING_VERSION = 1.0;
				PRODUCT_BUNDLE_IDENTIFIER = com.Aguila.Miguel.FoodApp;
				PRODUCT_NAME = "$(TARGET_NAME)";
				SWIFT_EMIT_LOC_STRINGS = YES;
				SWIFT_VERSION = 5.0;
				TARGETED_DEVICE_FAMILY = "1,2";
			};
			name = Debug;
		};
		5BD93E0C27AB7F3F00F0C9B9 /* Release */ = {
			isa = XCBuildConfiguration;
			baseConfigurationReference = 820E126AFFDF64B3801479B1 /* Pods-FoodApp.release.xcconfig */;
			buildSettings = {
				ASSETCATALOG_COMPILER_APPICON_NAME = AppIcon;
				ASSETCATALOG_COMPILER_GLOBAL_ACCENT_COLOR_NAME = AccentColor;
				CODE_SIGN_STYLE = Automatic;
				CURRENT_PROJECT_VERSION = 1;
				DEVELOPMENT_TEAM = F97DP49JMK;
				GENERATE_INFOPLIST_FILE = YES;
				INFOPLIST_FILE = FoodApp/Info.plist;
				INFOPLIST_KEY_UIApplicationSupportsIndirectInputEvents = YES;
				INFOPLIST_KEY_UILaunchStoryboardName = LaunchScreen;
				INFOPLIST_KEY_UIMainStoryboardFile = Main;
				INFOPLIST_KEY_UISupportedInterfaceOrientations_iPad = "UIInterfaceOrientationPortrait UIInterfaceOrientationPortraitUpsideDown UIInterfaceOrientationLandscapeLeft UIInterfaceOrientationLandscapeRight";
				INFOPLIST_KEY_UISupportedInterfaceOrientations_iPhone = "UIInterfaceOrientationPortrait UIInterfaceOrientationLandscapeLeft UIInterfaceOrientationLandscapeRight";
				LD_RUNPATH_SEARCH_PATHS = (
					"$(inherited)",
					"@executable_path/Frameworks",
				);
				MARKETING_VERSION = 1.0;
				PRODUCT_BUNDLE_IDENTIFIER = com.Aguila.Miguel.FoodApp;
				PRODUCT_NAME = "$(TARGET_NAME)";
				SWIFT_EMIT_LOC_STRINGS = YES;
				SWIFT_VERSION = 5.0;
				TARGETED_DEVICE_FAMILY = "1,2";
			};
			name = Release;
		};
/* End XCBuildConfiguration section */

/* Begin XCConfigurationList section */
		5BD93DF127AB7F3D00F0C9B9 /* Build configuration list for PBXProject "FoodApp" */ = {
			isa = XCConfigurationList;
			buildConfigurations = (
				5BD93E0827AB7F3F00F0C9B9 /* Debug */,
				5BD93E0927AB7F3F00F0C9B9 /* Release */,
			);
			defaultConfigurationIsVisible = 0;
			defaultConfigurationName = Release;
		};
		5BD93E0A27AB7F3F00F0C9B9 /* Build configuration list for PBXNativeTarget "FoodApp" */ = {
			isa = XCConfigurationList;
			buildConfigurations = (
				5BD93E0B27AB7F3F00F0C9B9 /* Debug */,
				5BD93E0C27AB7F3F00F0C9B9 /* Release */,
			);
			defaultConfigurationIsVisible = 0;
			defaultConfigurationName = Release;
		};
/* End XCConfigurationList section */
	};
	rootObject = 5BD93DEE27AB7F3D00F0C9B9 /* Project object */;
}
